
Microsoft Visual Studio Solution File, Format Version 12.00
# Visual Studio Version 16
VisualStudioVersion = 16.0.30104.148
MinimumVisualStudioVersion = 10.0.40219.1
Project("{FAE04EC0-301F-11D3-BF4B-00C04F79EFBC}") = "QLSV", "QLSV.csproj", "{DC92E6A2-0048-4C92-8FCC-B92C74372182}"
EndProject
Global
	GlobalSection(SolutionConfigurationPlatforms) = preSolution
		Debug|Any CPU = Debug|Any CPU
		Release|Any CPU = Release|Any CPU
	EndGlobalSection
	GlobalSection(ProjectConfigurationPlatforms) = postSolution
		{DC92E6A2-0048-4C92-8FCC-B92C74372182}.Debug|Any CPU.ActiveCfg = Debug|Any CPU
		{DC92E6A2-0048-4C92-8FCC-B92C74372182}.Debug|Any CPU.Build.0 = Debug|Any CPU
		{DC92E6A2-0048-4C92-8FCC-B92C74372182}.Release|Any CPU.ActiveCfg = Release|Any CPU
		{DC92E6A2-0048-4C92-8FCC-B92C74372182}.Release|Any CPU.Build.0 = Release|Any CPU
	EndGlobalSection
	GlobalSection(SolutionProperties) = preSolution
		HideSolutionNode = FALSE
	EndGlobalSection
	GlobalSection(ExtensibilityGlobals) = postSolution
		SolutionGuid = {7489670E-AC27-4F28-BDE7-6D2A23A292C1}
	EndGlobalSection
EndGlobal
